
Microsoft Visual Studio Solution File, Format Version 12.00
Project("{FAE04EC0-301F-11D3-BF4B-00C04F79EFBC}") = "WarsztatSamochodowyApp", "WarsztatSamochodowyApp\WarsztatSamochodowyApp.csproj", "{F7C07C30-A8AA-4F29-A133-C43133A905E7}"
EndProject
Global
	GlobalSection(SolutionConfigurationPlatforms) = preSolution
		Debug|Any CPU = Debug|Any CPU
		Release|Any CPU = Release|Any CPU
	EndGlobalSection
	GlobalSection(ProjectConfigurationPlatforms) = postSolution
		{F7C07C30-A8AA-4F29-A133-C43133A905E7}.Debug|Any CPU.ActiveCfg = Debug|Any CPU
		{F7C07C30-A8AA-4F29-A133-C43133A905E7}.Debug|Any CPU.Build.0 = Debug|Any CPU
		{F7C07C30-A8AA-4F29-A133-C43133A905E7}.Release|Any CPU.ActiveCfg = Release|Any CPU
		{F7C07C30-A8AA-4F29-A133-C43133A905E7}.Release|Any CPU.Build.0 = Release|Any CPU
	EndGlobalSection
EndGlobal
